
Microsoft Visual Studio Solution File, Format Version 12.00
# Visual Studio 15
VisualStudioVersion = 15.0.28307.572
MinimumVisualStudioVersion = 10.0.40219.1
Project("{FAE04EC0-301F-11D3-BF4B-00C04F79EFBC}") = "线程Demo", "控制台应用程序\线程Demo.csproj", "{1241D503-B6BE-4E70-8244-56F80FB72653}"
EndProject
Global
	GlobalSection(SolutionConfigurationPlatforms) = preSolution
		Debug|Any CPU = Debug|Any CPU
		Release|Any CPU = Release|Any CPU
	EndGlobalSection
	GlobalSection(ProjectConfigurationPlatforms) = postSolution
		{1241D503-B6BE-4E70-8244-56F80FB72653}.Debug|Any CPU.ActiveCfg = Debug|Any CPU
		{1241D503-B6BE-4E70-8244-56F80FB72653}.Debug|Any CPU.Build.0 = Debug|Any CPU
		{1241D503-B6BE-4E70-8244-56F80FB72653}.Release|Any CPU.ActiveCfg = Release|Any CPU
		{1241D503-B6BE-4E70-8244-56F80FB72653}.Release|Any CPU.Build.0 = Release|Any CPU
	EndGlobalSection
	GlobalSection(SolutionProperties) = preSolution
		HideSolutionNode = FALSE
	EndGlobalSection
	GlobalSection(ExtensibilityGlobals) = postSolution
		SolutionGuid = {1BEE2854-8B98-490A-B077-159D539040E5}
	EndGlobalSection
EndGlobal
